// !$*UTF8*$!
{
	archiveVersion = 1;
	classes = {
	};
	objectVersion = 51;
	objects = {

/* Begin PBXBuildFile section */
		621F0177243EEA42006B3C91 /* ApiServices.swift in Sources */ = {isa = PBXBuildFile; fileRef = 621F0176243EEA42006B3C91 /* ApiServices.swift */; };
		621F0179243F128F006B3C91 /* Networkable.swift in Sources */ = {isa = PBXBuildFile; fileRef = 621F0178243F128F006B3C91 /* Networkable.swift */; };
		621F017D243F2D47006B3C91 /* AnimeProviders.swift in Sources */ = {isa = PBXBuildFile; fileRef = 621F017C243F2D47006B3C91 /* AnimeProviders.swift */; };
		622C4DA9243462BF005DBBD6 /* AppDelegate.swift in Sources */ = {isa = PBXBuildFile; fileRef = 622C4DA8243462BF005DBBD6 /* AppDelegate.swift */; };
		622C4DAB243462BF005DBBD6 /* ViewController.swift in Sources */ = {isa = PBXBuildFile; fileRef = 622C4DAA243462BF005DBBD6 /* ViewController.swift */; };
		622C4DAE243462BF005DBBD6 /* Main.storyboard in Resources */ = {isa = PBXBuildFile; fileRef = 622C4DAC243462BF005DBBD6 /* Main.storyboard */; };
		622C4DB0243462C1005DBBD6 /* Assets.xcassets in Resources */ = {isa = PBXBuildFile; fileRef = 622C4DAF243462C1005DBBD6 /* Assets.xcassets */; };
		6243F9CC243708E300B1C3E1 /* MangaDetailViewController.swift in Sources */ = {isa = PBXBuildFile; fileRef = 6243F9CB243708E300B1C3E1 /* MangaDetailViewController.swift */; };
		625237D92444475000CD30FF /* TopResponse.swift in Sources */ = {isa = PBXBuildFile; fileRef = 625237D82444475000CD30FF /* TopResponse.swift */; };
		625237DD2444552200CD30FF /* MangaProviders.swift in Sources */ = {isa = PBXBuildFile; fileRef = 625237DC2444552200CD30FF /* MangaProviders.swift */; };
		625237E12444571400CD30FF /* MangaTableViewController.swift in Sources */ = {isa = PBXBuildFile; fileRef = 625237E02444571400CD30FF /* MangaTableViewController.swift */; };
		625237E4244460C600CD30FF /* UIUtils.swift in Sources */ = {isa = PBXBuildFile; fileRef = 625237E3244460C500CD30FF /* UIUtils.swift */; };
		6277AC082435CE2F00A373D4 /* AnimeDetailViewController.swift in Sources */ = {isa = PBXBuildFile; fileRef = 6277AC072435CE2F00A373D4 /* AnimeDetailViewController.swift */; };
		6277AC0B2435D39000A373D4 /* AnimeDetail.swift in Sources */ = {isa = PBXBuildFile; fileRef = 6277AC0A2435D39000A373D4 /* AnimeDetail.swift */; };
		6280AEE224347399004E551E /* AnimeTableViewCell.swift in Sources */ = {isa = PBXBuildFile; fileRef = 6280AEE124347399004E551E /* AnimeTableViewCell.swift */; };
		6280AEE724348299004E551E /* AnimeTableViewController.swift in Sources */ = {isa = PBXBuildFile; fileRef = 6280AEE624348299004E551E /* AnimeTableViewController.swift */; };
		6280AEEB243497EC004E551E /* TopData.swift in Sources */ = {isa = PBXBuildFile; fileRef = 6280AEEA243497EC004E551E /* TopData.swift */; };
		6280AEED243499B0004E551E /* NetworkManager.swift in Sources */ = {isa = PBXBuildFile; fileRef = 6280AEEC243499B0004E551E /* NetworkManager.swift */; };
		62CE4042243DC21900B9439E /* PosterDetailViewController.swift in Sources */ = {isa = PBXBuildFile; fileRef = 62CE4041243DC21900B9439E /* PosterDetailViewController.swift */; };
		7FB98F706541DF4F23117C64 /* Pods_Weebs_Database.framework in Frameworks */ = {isa = PBXBuildFile; fileRef = A09E366E8E28CEF1BA8A6EAA /* Pods_Weebs_Database.framework */; };
/* End PBXBuildFile section */

/* Begin PBXFileReference section */
		621F0176243EEA42006B3C91 /* ApiServices.swift */ = {isa = PBXFileReference; lastKnownFileType = sourcecode.swift; path = ApiServices.swift; sourceTree = "<group>"; };
		621F0178243F128F006B3C91 /* Networkable.swift */ = {isa = PBXFileReference; lastKnownFileType = sourcecode.swift; path = Networkable.swift; sourceTree = "<group>"; };
		621F017C243F2D47006B3C91 /* AnimeProviders.swift */ = {isa = PBXFileReference; lastKnownFileType = sourcecode.swift; path = AnimeProviders.swift; sourceTree = "<group>"; };
		622C4DA5243462BF005DBBD6 /* Weebs Database.app */ = {isa = PBXFileReference; explicitFileType = wrapper.application; includeInIndex = 0; path = "Weebs Database.app"; sourceTree = BUILT_PRODUCTS_DIR; };
		622C4DA8243462BF005DBBD6 /* AppDelegate.swift */ = {isa = PBXFileReference; lastKnownFileType = sourcecode.swift; path = AppDelegate.swift; sourceTree = "<group>"; };
		622C4DAA243462BF005DBBD6 /* ViewController.swift */ = {isa = PBXFileReference; lastKnownFileType = sourcecode.swift; path = ViewController.swift; sourceTree = "<group>"; };
		622C4DAD243462BF005DBBD6 /* Base */ = {isa = PBXFileReference; lastKnownFileType = file.storyboard; name = Base; path = Base.lproj/Main.storyboard; sourceTree = "<group>"; };
		622C4DAF243462C1005DBBD6 /* Assets.xcassets */ = {isa = PBXFileReference; lastKnownFileType = folder.assetcatalog; path = Assets.xcassets; sourceTree = "<group>"; };
		622C4DB4243462C1005DBBD6 /* Info.plist */ = {isa = PBXFileReference; lastKnownFileType = text.plist.xml; path = Info.plist; sourceTree = "<group>"; };
		6243F9CB243708E300B1C3E1 /* MangaDetailViewController.swift */ = {isa = PBXFileReference; lastKnownFileType = sourcecode.swift; path = MangaDetailViewController.swift; sourceTree = "<group>"; };
		625237D82444475000CD30FF /* TopResponse.swift */ = {isa = PBXFileReference; lastKnownFileType = sourcecode.swift; path = TopResponse.swift; sourceTree = "<group>"; };
		625237DC2444552200CD30FF /* MangaProviders.swift */ = {isa = PBXFileReference; lastKnownFileType = sourcecode.swift; path = MangaProviders.swift; sourceTree = "<group>"; };
		625237E02444571400CD30FF /* MangaTableViewController.swift */ = {isa = PBXFileReference; lastKnownFileType = sourcecode.swift; path = MangaTableViewController.swift; sourceTree = "<group>"; };
		625237E3244460C500CD30FF /* UIUtils.swift */ = {isa = PBXFileReference; lastKnownFileType = sourcecode.swift; path = UIUtils.swift; sourceTree = "<group>"; };
		6277AC072435CE2F00A373D4 /* AnimeDetailViewController.swift */ = {isa = PBXFileReference; lastKnownFileType = sourcecode.swift; path = AnimeDetailViewController.swift; sourceTree = "<group>"; };
		6277AC0A2435D39000A373D4 /* AnimeDetail.swift */ = {isa = PBXFileReference; lastKnownFileType = sourcecode.swift; path = AnimeDetail.swift; sourceTree = "<group>"; };
		6280AEE124347399004E551E /* AnimeTableViewCell.swift */ = {isa = PBXFileReference; lastKnownFileType = sourcecode.swift; path = AnimeTableViewCell.swift; sourceTree = "<group>"; };
		6280AEE624348299004E551E /* AnimeTableViewController.swift */ = {isa = PBXFileReference; lastKnownFileType = sourcecode.swift; path = AnimeTableViewController.swift; sourceTree = "<group>"; };
		6280AEEA243497EC004E551E /* TopData.swift */ = {isa = PBXFileReference; lastKnownFileType = sourcecode.swift; path = TopData.swift; sourceTree = "<group>"; };
		6280AEEC243499B0004E551E /* NetworkManager.swift */ = {isa = PBXFileReference; lastKnownFileType = sourcecode.swift; path = NetworkManager.swift; sourceTree = "<group>"; };
		62CE4041243DC21900B9439E /* PosterDetailViewController.swift */ = {isa = PBXFileReference; lastKnownFileType = sourcecode.swift; path = PosterDetailViewController.swift; sourceTree = "<group>"; };
		7508056F17DEF63F9157AF72 /* Pods-Weebs Database.release.xcconfig */ = {isa = PBXFileReference; includeInIndex = 1; lastKnownFileType = text.xcconfig; name = "Pods-Weebs Database.release.xcconfig"; path = "Target Support Files/Pods-Weebs Database/Pods-Weebs Database.release.xcconfig"; sourceTree = "<group>"; };
		A0374255EE79D6798E2FDC2D /* Pods-Weebs Database.debug.xcconfig */ = {isa = PBXFileReference; includeInIndex = 1; lastKnownFileType = text.xcconfig; name = "Pods-Weebs Database.debug.xcconfig"; path = "Target Support Files/Pods-Weebs Database/Pods-Weebs Database.debug.xcconfig"; sourceTree = "<group>"; };
		A09E366E8E28CEF1BA8A6EAA /* Pods_Weebs_Database.framework */ = {isa = PBXFileReference; explicitFileType = wrapper.framework; includeInIndex = 0; path = Pods_Weebs_Database.framework; sourceTree = BUILT_PRODUCTS_DIR; };
/* End PBXFileReference section */

/* Begin PBXFrameworksBuildPhase section */
		622C4DA2243462BF005DBBD6 /* Frameworks */ = {
			isa = PBXFrameworksBuildPhase;
			buildActionMask = 2147483647;
			files = (
				7FB98F706541DF4F23117C64 /* Pods_Weebs_Database.framework in Frameworks */,
			);
			runOnlyForDeploymentPostprocessing = 0;
		};
/* End PBXFrameworksBuildPhase section */

/* Begin PBXGroup section */
		621F017A243F2CB5006B3C91 /* Responses */ = {
			isa = PBXGroup;
			children = (
				6280AEEA243497EC004E551E /* TopData.swift */,
				6277AC0A2435D39000A373D4 /* AnimeDetail.swift */,
				625237D82444475000CD30FF /* TopResponse.swift */,
			);
			path = Responses;
			sourceTree = "<group>";
		};
		621F017B243F2D2F006B3C91 /* Providers */ = {
			isa = PBXGroup;
			children = (
				621F017C243F2D47006B3C91 /* AnimeProviders.swift */,
				625237DC2444552200CD30FF /* MangaProviders.swift */,
			);
			path = Providers;
			sourceTree = "<group>";
		};
		622C4D9C243462BF005DBBD6 = {
			isa = PBXGroup;
			children = (
				622C4DA7243462BF005DBBD6 /* Weebs Database */,
				622C4DA6243462BF005DBBD6 /* Products */,
				FD193671E8DFFCD83CEEC956 /* Pods */,
				D8A5240E165B781A38BB0379 /* Frameworks */,
			);
			sourceTree = "<group>";
		};
		622C4DA6243462BF005DBBD6 /* Products */ = {
			isa = PBXGroup;
			children = (
				622C4DA5243462BF005DBBD6 /* Weebs Database.app */,
			);
			name = Products;
			sourceTree = "<group>";
		};
		622C4DA7243462BF005DBBD6 /* Weebs Database */ = {
			isa = PBXGroup;
			children = (
				625237E2244460AF00CD30FF /* Utils */,
				6277AC092435CE4E00A373D4 /* View Controller */,
				6280AEE3243473A6004E551E /* UI Utils */,
				622C4DBA2434632E005DBBD6 /* Network */,
				622C4DA8243462BF005DBBD6 /* AppDelegate.swift */,
				622C4DAA243462BF005DBBD6 /* ViewController.swift */,
				622C4DAC243462BF005DBBD6 /* Main.storyboard */,
				622C4DAF243462C1005DBBD6 /* Assets.xcassets */,
				622C4DB4243462C1005DBBD6 /* Info.plist */,
			);
			path = "Weebs Database";
			sourceTree = "<group>";
		};
		622C4DBA2434632E005DBBD6 /* Network */ = {
			isa = PBXGroup;
			children = (
				621F017B243F2D2F006B3C91 /* Providers */,
				621F017A243F2CB5006B3C91 /* Responses */,
				6280AEEC243499B0004E551E /* NetworkManager.swift */,
				621F0176243EEA42006B3C91 /* ApiServices.swift */,
				621F0178243F128F006B3C91 /* Networkable.swift */,
			);
			path = Network;
			sourceTree = "<group>";
		};
		625237E2244460AF00CD30FF /* Utils */ = {
			isa = PBXGroup;
			children = (
				625237E3244460C500CD30FF /* UIUtils.swift */,
			);
			path = Utils;
			sourceTree = "<group>";
		};
		6277AC092435CE4E00A373D4 /* View Controller */ = {
			isa = PBXGroup;
			children = (
				6280AEE624348299004E551E /* AnimeTableViewController.swift */,
				6277AC072435CE2F00A373D4 /* AnimeDetailViewController.swift */,
				6243F9CB243708E300B1C3E1 /* MangaDetailViewController.swift */,
				62CE4041243DC21900B9439E /* PosterDetailViewController.swift */,
				625237E02444571400CD30FF /* MangaTableViewController.swift */,
			);
			path = "View Controller";
			sourceTree = "<group>";
		};
		6280AEE3243473A6004E551E /* UI Utils */ = {
			isa = PBXGroup;
			children = (
				6280AEE124347399004E551E /* AnimeTableViewCell.swift */,
			);
			path = "UI Utils";
			sourceTree = "<group>";
		};
		D8A5240E165B781A38BB0379 /* Frameworks */ = {
			isa = PBXGroup;
			children = (
				A09E366E8E28CEF1BA8A6EAA /* Pods_Weebs_Database.framework */,
			);
			name = Frameworks;
			sourceTree = "<group>";
		};
		FD193671E8DFFCD83CEEC956 /* Pods */ = {
			isa = PBXGroup;
			children = (
				A0374255EE79D6798E2FDC2D /* Pods-Weebs Database.debug.xcconfig */,
				7508056F17DEF63F9157AF72 /* Pods-Weebs Database.release.xcconfig */,
			);
			path = Pods;
			sourceTree = "<group>";
		};
/* End PBXGroup section */

/* Begin PBXNativeTarget section */
		622C4DA4243462BF005DBBD6 /* Weebs Database */ = {
			isa = PBXNativeTarget;
			buildConfigurationList = 622C4DB7243462C1005DBBD6 /* Build configuration list for PBXNativeTarget "Weebs Database" */;
			buildPhases = (
				C1700CEC30C337FF687B8FC2 /* [CP] Check Pods Manifest.lock */,
				622C4DA1243462BF005DBBD6 /* Sources */,
				622C4DA2243462BF005DBBD6 /* Frameworks */,
				622C4DA3243462BF005DBBD6 /* Resources */,
				DF928F5E64D69C641113D965 /* [CP] Embed Pods Frameworks */,
			);
			buildRules = (
			);
			dependencies = (
			);
			name = "Weebs Database";
			productName = "Weebs Database";
			productReference = 622C4DA5243462BF005DBBD6 /* Weebs Database.app */;
			productType = "com.apple.product-type.application";
		};
/* End PBXNativeTarget section */

/* Begin PBXProject section */
		622C4D9D243462BF005DBBD6 /* Project object */ = {
			isa = PBXProject;
			attributes = {
				LastSwiftUpdateCheck = 1020;
				LastUpgradeCheck = 1020;
				ORGANIZATIONNAME = "Octavian Metta Wisnu";
				TargetAttributes = {
					622C4DA4243462BF005DBBD6 = {
						CreatedOnToolsVersion = 10.2.1;
					};
				};
			};
			buildConfigurationList = 622C4DA0243462BF005DBBD6 /* Build configuration list for PBXProject "Weebs Database" */;
			compatibilityVersion = "Xcode 10.0";
			developmentRegion = en;
			hasScannedForEncodings = 0;
			knownRegions = (
				en,
				Base,
			);
			mainGroup = 622C4D9C243462BF005DBBD6;
			productRefGroup = 622C4DA6243462BF005DBBD6 /* Products */;
			projectDirPath = "";
			projectRoot = "";
			targets = (
				622C4DA4243462BF005DBBD6 /* Weebs Database */,
			);
		};
/* End PBXProject section */

/* Begin PBXResourcesBuildPhase section */
		622C4DA3243462BF005DBBD6 /* Resources */ = {
			isa = PBXResourcesBuildPhase;
			buildActionMask = 2147483647;
			files = (
				622C4DB0243462C1005DBBD6 /* Assets.xcassets in Resources */,
				622C4DAE243462BF005DBBD6 /* Main.storyboard in Resources */,
			);
			runOnlyForDeploymentPostprocessing = 0;
		};
/* End PBXResourcesBuildPhase section */

/* Begin PBXShellScriptBuildPhase section */
		C1700CEC30C337FF687B8FC2 /* [CP] Check Pods Manifest.lock */ = {
			isa = PBXShellScriptBuildPhase;
			buildActionMask = 2147483647;
			files = (
			);
			inputFileListPaths = (
			);
			inputPaths = (
				"${PODS_PODFILE_DIR_PATH}/Podfile.lock",
				"${PODS_ROOT}/Manifest.lock",
			);
			name = "[CP] Check Pods Manifest.lock";
			outputFileListPaths = (
			);
			outputPaths = (
				"$(DERIVED_FILE_DIR)/Pods-Weebs Database-checkManifestLockResult.txt",
			);
			runOnlyForDeploymentPostprocessing = 0;
			shellPath = /bin/sh;
			shellScript = "diff \"${PODS_PODFILE_DIR_PATH}/Podfile.lock\" \"${PODS_ROOT}/Manifest.lock\" > /dev/null\nif [ $? != 0 ] ; then\n    # print error to STDERR\n    echo \"error: The sandbox is not in sync with the Podfile.lock. Run 'pod install' or update your CocoaPods installation.\" >&2\n    exit 1\nfi\n# This output is used by Xcode 'outputs' to avoid re-running this script phase.\necho \"SUCCESS\" > \"${SCRIPT_OUTPUT_FILE_0}\"\n";
			showEnvVarsInLog = 0;
		};
		DF928F5E64D69C641113D965 /* [CP] Embed Pods Frameworks */ = {
			isa = PBXShellScriptBuildPhase;
			buildActionMask = 2147483647;
			files = (
			);
			inputFileListPaths = (
			);
			inputPaths = (
				"${PODS_ROOT}/Target Support Files/Pods-Weebs Database/Pods-Weebs Database-frameworks.sh",
				"${BUILT_PRODUCTS_DIR}/Alamofire/Alamofire.framework",
				"${BUILT_PRODUCTS_DIR}/Moya/Moya.framework",
			);
			name = "[CP] Embed Pods Frameworks";
			outputFileListPaths = (
			);
			outputPaths = (
				"${TARGET_BUILD_DIR}/${FRAMEWORKS_FOLDER_PATH}/Alamofire.framework",
				"${TARGET_BUILD_DIR}/${FRAMEWORKS_FOLDER_PATH}/Moya.framework",
			);
			runOnlyForDeploymentPostprocessing = 0;
			shellPath = /bin/sh;
			shellScript = "\"${PODS_ROOT}/Target Support Files/Pods-Weebs Database/Pods-Weebs Database-frameworks.sh\"\n";
			showEnvVarsInLog = 0;
		};
/* End PBXShellScriptBuildPhase section */

/* Begin PBXSourcesBuildPhase section */
		622C4DA1243462BF005DBBD6 /* Sources */ = {
			isa = PBXSourcesBuildPhase;
			buildActionMask = 2147483647;
			files = (
				622C4DAB243462BF005DBBD6 /* ViewController.swift in Sources */,
				62CE4042243DC21900B9439E /* PosterDetailViewController.swift in Sources */,
				621F0179243F128F006B3C91 /* Networkable.swift in Sources */,
				6280AEEB243497EC004E551E /* TopData.swift in Sources */,
				625237E12444571400CD30FF /* MangaTableViewController.swift in Sources */,
				625237E4244460C600CD30FF /* UIUtils.swift in Sources */,
				621F017D243F2D47006B3C91 /* AnimeProviders.swift in Sources */,
				6280AEED243499B0004E551E /* NetworkManager.swift in Sources */,
				625237DD2444552200CD30FF /* MangaProviders.swift in Sources */,
				622C4DA9243462BF005DBBD6 /* AppDelegate.swift in Sources */,
				625237D92444475000CD30FF /* TopResponse.swift in Sources */,
				621F0177243EEA42006B3C91 /* ApiServices.swift in Sources */,
				6280AEE224347399004E551E /* AnimeTableViewCell.swift in Sources */,
				6277AC0B2435D39000A373D4 /* AnimeDetail.swift in Sources */,
				6277AC082435CE2F00A373D4 /* AnimeDetailViewController.swift in Sources */,
				6243F9CC243708E300B1C3E1 /* MangaDetailViewController.swift in Sources */,
				6280AEE724348299004E551E /* AnimeTableViewController.swift in Sources */,
			);
			runOnlyForDeploymentPostprocessing = 0;
		};
/* End PBXSourcesBuildPhase section */

/* Begin PBXVariantGroup section */
		622C4DAC243462BF005DBBD6 /* Main.storyboard */ = {
			isa = PBXVariantGroup;
			children = (
				622C4DAD243462BF005DBBD6 /* Base */,
			);
			name = Main.storyboard;
			sourceTree = "<group>";
		};
/* End PBXVariantGroup section */

/* Begin XCBuildConfiguration section */
		622C4DB5243462C1005DBBD6 /* Debug */ = {
			isa = XCBuildConfiguration;
			buildSettings = {
				ALWAYS_SEARCH_USER_PATHS = NO;
				CLANG_ANALYZER_NONNULL = YES;
				CLANG_ANALYZER_NUMBER_OBJECT_CONVERSION = YES_AGGRESSIVE;
				CLANG_CXX_LANGUAGE_STANDARD = "gnu++14";
				CLANG_CXX_LIBRARY = "libc++";
				CLANG_ENABLE_MODULES = YES;
				CLANG_ENABLE_OBJC_ARC = YES;
				CLANG_ENABLE_OBJC_WEAK = YES;
				CLANG_WARN_BLOCK_CAPTURE_AUTORELEASING = YES;
				CLANG_WARN_BOOL_CONVERSION = YES;
				CLANG_WARN_COMMA = YES;
				CLANG_WARN_CONSTANT_CONVERSION = YES;
				CLANG_WARN_DEPRECATED_OBJC_IMPLEMENTATIONS = YES;
				CLANG_WARN_DIRECT_OBJC_ISA_USAGE = YES_ERROR;
				CLANG_WARN_DOCUMENTATION_COMMENTS = YES;
				CLANG_WARN_EMPTY_BODY = YES;
				CLANG_WARN_ENUM_CONVERSION = YES;
				CLANG_WARN_INFINITE_RECURSION = YES;
				CLANG_WARN_INT_CONVERSION = YES;
				CLANG_WARN_NON_LITERAL_NULL_CONVERSION = YES;
				CLANG_WARN_OBJC_IMPLICIT_RETAIN_SELF = YES;
				CLANG_WARN_OBJC_LITERAL_CONVERSION = YES;
				CLANG_WARN_OBJC_ROOT_CLASS = YES_ERROR;
				CLANG_WARN_RANGE_LOOP_ANALYSIS = YES;
				CLANG_WARN_STRICT_PROTOTYPES = YES;
				CLANG_WARN_SUSPICIOUS_MOVE = YES;
				CLANG_WARN_UNGUARDED_AVAILABILITY = YES_AGGRESSIVE;
				CLANG_WARN_UNREACHABLE_CODE = YES;
				CLANG_WARN__DUPLICATE_METHOD_MATCH = YES;
				CODE_SIGN_IDENTITY = "iPhone Developer";
				COPY_PHASE_STRIP = NO;
				DEBUG_INFORMATION_FORMAT = dwarf;
				ENABLE_STRICT_OBJC_MSGSEND = YES;
				ENABLE_TESTABILITY = YES;
				GCC_C_LANGUAGE_STANDARD = gnu11;
				GCC_DYNAMIC_NO_PIC = NO;
				GCC_NO_COMMON_BLOCKS = YES;
				GCC_OPTIMIZATION_LEVEL = 0;
				GCC_PREPROCESSOR_DEFINITIONS = (
					"DEBUG=1",
					"$(inherited)",
				);
				GCC_WARN_64_TO_32_BIT_CONVERSION = YES;
				GCC_WARN_ABOUT_RETURN_TYPE = YES_ERROR;
				GCC_WARN_UNDECLARED_SELECTOR = YES;
				GCC_WARN_UNINITIALIZED_AUTOS = YES_AGGRESSIVE;
				GCC_WARN_UNUSED_FUNCTION = YES;
				GCC_WARN_UNUSED_VARIABLE = YES;
				IPHONEOS_DEPLOYMENT_TARGET = 12.2;
				MTL_ENABLE_DEBUG_INFO = INCLUDE_SOURCE;
				MTL_FAST_MATH = YES;
				ONLY_ACTIVE_ARCH = YES;
				SDKROOT = iphoneos;
				SWIFT_ACTIVE_COMPILATION_CONDITIONS = DEBUG;
				SWIFT_OPTIMIZATION_LEVEL = "-Onone";
			};
			name = Debug;
		};
		622C4DB6243462C1005DBBD6 /* Release */ = {
			isa = XCBuildConfiguration;
			buildSettings = {
				ALWAYS_SEARCH_USER_PATHS = NO;
				CLANG_ANALYZER_NONNULL = YES;
				CLANG_ANALYZER_NUMBER_OBJECT_CONVERSION = YES_AGGRESSIVE;
				CLANG_CXX_LANGUAGE_STANDARD = "gnu++14";
				CLANG_CXX_LIBRARY = "libc++";
				CLANG_ENABLE_MODULES = YES;
				CLANG_ENABLE_OBJC_ARC = YES;
				CLANG_ENABLE_OBJC_WEAK = YES;
				CLANG_WARN_BLOCK_CAPTURE_AUTORELEASING = YES;
				CLANG_WARN_BOOL_CONVERSION = YES;
				CLANG_WARN_COMMA = YES;
				CLANG_WARN_CONSTANT_CONVERSION = YES;
				CLANG_WARN_DEPRECATED_OBJC_IMPLEMENTATIONS = YES;
				CLANG_WARN_DIRECT_OBJC_ISA_USAGE = YES_ERROR;
				CLANG_WARN_DOCUMENTATION_COMMENTS = YES;
				CLANG_WARN_EMPTY_BODY = YES;
				CLANG_WARN_ENUM_CONVERSION = YES;
				CLANG_WARN_INFINITE_RECURSION = YES;
				CLANG_WARN_INT_CONVERSION = YES;
				CLANG_WARN_NON_LITERAL_NULL_CONVERSION = YES;
				CLANG_WARN_OBJC_IMPLICIT_RETAIN_SELF = YES;
				CLANG_WARN_OBJC_LITERAL_CONVERSION = YES;
				CLANG_WARN_OBJC_ROOT_CLASS = YES_ERROR;
				CLANG_WARN_RANGE_LOOP_ANALYSIS = YES;
				CLANG_WARN_STRICT_PROTOTYPES = YES;
				CLANG_WARN_SUSPICIOUS_MOVE = YES;
				CLANG_WARN_UNGUARDED_AVAILABILITY = YES_AGGRESSIVE;
				CLANG_WARN_UNREACHABLE_CODE = YES;
				CLANG_WARN__DUPLICATE_METHOD_MATCH = YES;
				CODE_SIGN_IDENTITY = "iPhone Developer";
				COPY_PHASE_STRIP = NO;
				DEBUG_INFORMATION_FORMAT = "dwarf-with-dsym";
				ENABLE_NS_ASSERTIONS = NO;
				ENABLE_STRICT_OBJC_MSGSEND = YES;
				GCC_C_LANGUAGE_STANDARD = gnu11;
				GCC_NO_COMMON_BLOCKS = YES;
				GCC_WARN_64_TO_32_BIT_CONVERSION = YES;
				GCC_WARN_ABOUT_RETURN_TYPE = YES_ERROR;
				GCC_WARN_UNDECLARED_SELECTOR = YES;
				GCC_WARN_UNINITIALIZED_AUTOS = YES_AGGRESSIVE;
				GCC_WARN_UNUSED_FUNCTION = YES;
				GCC_WARN_UNUSED_VARIABLE = YES;
				IPHONEOS_DEPLOYMENT_TARGET = 12.2;
				MTL_ENABLE_DEBUG_INFO = NO;
				MTL_FAST_MATH = YES;
				SDKROOT = iphoneos;
				SWIFT_COMPILATION_MODE = wholemodule;
				SWIFT_OPTIMIZATION_LEVEL = "-O";
				VALIDATE_PRODUCT = YES;
			};
			name = Release;
		};
		622C4DB8243462C1005DBBD6 /* Debug */ = {
			isa = XCBuildConfiguration;
			baseConfigurationReference = A0374255EE79D6798E2FDC2D /* Pods-Weebs Database.debug.xcconfig */;
			buildSettings = {
				ASSETCATALOG_COMPILER_APPICON_NAME = AppIcon;
				CODE_SIGN_STYLE = Automatic;
				DEVELOPMENT_TEAM = 6C6NVSH2GX;
				INFOPLIST_FILE = "Weebs Database/Info.plist";
				IPHONEOS_DEPLOYMENT_TARGET = 11.2;
				LD_RUNPATH_SEARCH_PATHS = (
					"$(inherited)",
					"@executable_path/Frameworks",
				);
				PRODUCT_BUNDLE_IDENTIFIER = "Merkle.Weebs-Database";
				PRODUCT_NAME = "$(TARGET_NAME)";
				SWIFT_VERSION = 5.0;
				TARGETED_DEVICE_FAMILY = "1,2";
			};
			name = Debug;
		};
		622C4DB9243462C1005DBBD6 /* Release */ = {
			isa = XCBuildConfiguration;
			baseConfigurationReference = 7508056F17DEF63F9157AF72 /* Pods-Weebs Database.release.xcconfig */;
			buildSettings = {
				ASSETCATALOG_COMPILER_APPICON_NAME = AppIcon;
				CODE_SIGN_STYLE = Automatic;
				DEVELOPMENT_TEAM = 6C6NVSH2GX;
				INFOPLIST_FILE = "Weebs Database/Info.plist";
				IPHONEOS_DEPLOYMENT_TARGET = 11.2;
				LD_RUNPATH_SEARCH_PATHS = (
					"$(inherited)",
					"@executable_path/Frameworks",
				);
				PRODUCT_BUNDLE_IDENTIFIER = "Merkle.Weebs-Database";
				PRODUCT_NAME = "$(TARGET_NAME)";
				SWIFT_VERSION = 5.0;
				TARGETED_DEVICE_FAMILY = "1,2";
			};
			name = Release;
		};
/* End XCBuildConfiguration section */

/* Begin XCConfigurationList section */
		622C4DA0243462BF005DBBD6 /* Build configuration list for PBXProject "Weebs Database" */ = {
			isa = XCConfigurationList;
			buildConfigurations = (
				622C4DB5243462C1005DBBD6 /* Debug */,
				622C4DB6243462C1005DBBD6 /* Release */,
			);
			defaultConfigurationIsVisible = 0;
			defaultConfigurationName = Release;
		};
		622C4DB7243462C1005DBBD6 /* Build configuration list for PBXNativeTarget "Weebs Database" */ = {
			isa = XCConfigurationList;
			buildConfigurations = (
				622C4DB8243462C1005DBBD6 /* Debug */,
				622C4DB9243462C1005DBBD6 /* Release */,
			);
			defaultConfigurationIsVisible = 0;
			defaultConfigurationName = Release;
		};
/* End XCConfigurationList section */
	};
	rootObject = 622C4D9D243462BF005DBBD6 /* Project object */;
}
